
Microsoft Visual Studio Solution File, Format Version 12.00
Project("{FAE04EC0-301F-11D3-BF4B-00C04F79EFBC}") = "task-4-5", "task-4-5\task-4-5.csproj", "{057EAB31-4B59-48E6-BB94-E2F873E085BE}"
EndProject
Global
	GlobalSection(SolutionConfigurationPlatforms) = preSolution
		Debug|Any CPU = Debug|Any CPU
		Release|Any CPU = Release|Any CPU
	EndGlobalSection
	GlobalSection(ProjectConfigurationPlatforms) = postSolution
		{057EAB31-4B59-48E6-BB94-E2F873E085BE}.Debug|Any CPU.ActiveCfg = Debug|Any CPU
		{057EAB31-4B59-48E6-BB94-E2F873E085BE}.Debug|Any CPU.Build.0 = Debug|Any CPU
		{057EAB31-4B59-48E6-BB94-E2F873E085BE}.Release|Any CPU.ActiveCfg = Release|Any CPU
		{057EAB31-4B59-48E6-BB94-E2F873E085BE}.Release|Any CPU.Build.0 = Release|Any CPU
	EndGlobalSection
EndGlobal
